
Microsoft Visual Studio Solution File, Format Version 12.00
# Visual Studio Version 17
VisualStudioVersion = 17.12.35527.113 d17.12
MinimumVisualStudioVersion = 10.0.40219.1
Project("{FAE04EC0-301F-11D3-BF4B-00C04F79EFBC}") = "Ideal", "Ideal\Ideal.csproj", "{B959F35F-2000-4BB2-A2DD-5990CA1E0A88}"
EndProject
Project("{FAE04EC0-301F-11D3-BF4B-00C04F79EFBC}") = "FibonacciTest", "FibonacciTest\FibonacciTest.csproj", "{A44F0ED8-2CD4-4FE7-9095-6BFD083EAC81}"
EndProject
Global
	GlobalSection(SolutionConfigurationPlatforms) = preSolution
		Debug|Any CPU = Debug|Any CPU
		Release|Any CPU = Release|Any CPU
	EndGlobalSection
	GlobalSection(ProjectConfigurationPlatforms) = postSolution
		{B959F35F-2000-4BB2-A2DD-5990CA1E0A88}.Debug|Any CPU.ActiveCfg = Debug|Any CPU
		{B959F35F-2000-4BB2-A2DD-5990CA1E0A88}.Debug|Any CPU.Build.0 = Debug|Any CPU
		{B959F35F-2000-4BB2-A2DD-5990CA1E0A88}.Release|Any CPU.ActiveCfg = Release|Any CPU
		{B959F35F-2000-4BB2-A2DD-5990CA1E0A88}.Release|Any CPU.Build.0 = Release|Any CPU
		{A44F0ED8-2CD4-4FE7-9095-6BFD083EAC81}.Debug|Any CPU.ActiveCfg = Debug|Any CPU
		{A44F0ED8-2CD4-4FE7-9095-6BFD083EAC81}.Debug|Any CPU.Build.0 = Debug|Any CPU
		{A44F0ED8-2CD4-4FE7-9095-6BFD083EAC81}.Release|Any CPU.ActiveCfg = Release|Any CPU
		{A44F0ED8-2CD4-4FE7-9095-6BFD083EAC81}.Release|Any CPU.Build.0 = Release|Any CPU
	EndGlobalSection
	GlobalSection(SolutionProperties) = preSolution
		HideSolutionNode = FALSE
	EndGlobalSection
EndGlobal
